
Microsoft Visual Studio Solution File, Format Version 12.00
# Visual Studio Version 17
VisualStudioVersion = 17.0.32126.317
MinimumVisualStudioVersion = 10.0.40219.1
Project("{FAE04EC0-301F-11D3-BF4B-00C04F79EFBC}") = "Random2", "Random2\Random2.csproj", "{4607E3CF-C620-40DE-9136-289EB87DD288}"
EndProject
Global
	GlobalSection(SolutionConfigurationPlatforms) = preSolution
		Debug|Any CPU = Debug|Any CPU
		Release|Any CPU = Release|Any CPU
	EndGlobalSection
	GlobalSection(ProjectConfigurationPlatforms) = postSolution
		{4607E3CF-C620-40DE-9136-289EB87DD288}.Debug|Any CPU.ActiveCfg = Debug|Any CPU
		{4607E3CF-C620-40DE-9136-289EB87DD288}.Debug|Any CPU.Build.0 = Debug|Any CPU
		{4607E3CF-C620-40DE-9136-289EB87DD288}.Release|Any CPU.ActiveCfg = Release|Any CPU
		{4607E3CF-C620-40DE-9136-289EB87DD288}.Release|Any CPU.Build.0 = Release|Any CPU
	EndGlobalSection
	GlobalSection(SolutionProperties) = preSolution
		HideSolutionNode = FALSE
	EndGlobalSection
	GlobalSection(ExtensibilityGlobals) = postSolution
		SolutionGuid = {CC0A6CA9-192E-4D07-AD49-F2361812DE73}
	EndGlobalSection
EndGlobal
