
Microsoft Visual Studio Solution File, Format Version 12.00
# Visual Studio Version 17
VisualStudioVersion = 17.0.32126.317
MinimumVisualStudioVersion = 10.0.40219.1
Project("{FAE04EC0-301F-11D3-BF4B-00C04F79EFBC}") = "hardtest", "hardtest\hardtest.csproj", "{BE36E9BA-544E-437C-9EBC-CD857AF44D6B}"
EndProject
Global
	GlobalSection(SolutionConfigurationPlatforms) = preSolution
		Debug|Any CPU = Debug|Any CPU
		Release|Any CPU = Release|Any CPU
	EndGlobalSection
	GlobalSection(ProjectConfigurationPlatforms) = postSolution
		{BE36E9BA-544E-437C-9EBC-CD857AF44D6B}.Debug|Any CPU.ActiveCfg = Debug|Any CPU
		{BE36E9BA-544E-437C-9EBC-CD857AF44D6B}.Debug|Any CPU.Build.0 = Debug|Any CPU
		{BE36E9BA-544E-437C-9EBC-CD857AF44D6B}.Release|Any CPU.ActiveCfg = Release|Any CPU
		{BE36E9BA-544E-437C-9EBC-CD857AF44D6B}.Release|Any CPU.Build.0 = Release|Any CPU
	EndGlobalSection
	GlobalSection(SolutionProperties) = preSolution
		HideSolutionNode = FALSE
	EndGlobalSection
	GlobalSection(ExtensibilityGlobals) = postSolution
		SolutionGuid = {1B7C90C2-AB0B-467C-8F4F-361220BEB23E}
	EndGlobalSection
EndGlobal
