
Microsoft Visual Studio Solution File, Format Version 12.00
# Visual Studio Version 17
VisualStudioVersion = 17.0.32126.317
MinimumVisualStudioVersion = 10.0.40219.1
Project("{FAE04EC0-301F-11D3-BF4B-00C04F79EFBC}") = "Operator", "Operator\Operator.csproj", "{D11E1FB1-6D0D-49AA-91F5-B527ECB78789}"
EndProject
Global
	GlobalSection(SolutionConfigurationPlatforms) = preSolution
		Debug|Any CPU = Debug|Any CPU
		Release|Any CPU = Release|Any CPU
	EndGlobalSection
	GlobalSection(ProjectConfigurationPlatforms) = postSolution
		{D11E1FB1-6D0D-49AA-91F5-B527ECB78789}.Debug|Any CPU.ActiveCfg = Debug|Any CPU
		{D11E1FB1-6D0D-49AA-91F5-B527ECB78789}.Debug|Any CPU.Build.0 = Debug|Any CPU
		{D11E1FB1-6D0D-49AA-91F5-B527ECB78789}.Release|Any CPU.ActiveCfg = Release|Any CPU
		{D11E1FB1-6D0D-49AA-91F5-B527ECB78789}.Release|Any CPU.Build.0 = Release|Any CPU
	EndGlobalSection
	GlobalSection(SolutionProperties) = preSolution
		HideSolutionNode = FALSE
	EndGlobalSection
	GlobalSection(ExtensibilityGlobals) = postSolution
		SolutionGuid = {427A6C24-2E5A-42A9-89E7-C26B3B3FB79E}
	EndGlobalSection
EndGlobal
