
Microsoft Visual Studio Solution File, Format Version 12.00
# Visual Studio Version 17
VisualStudioVersion = 17.0.32126.317
MinimumVisualStudioVersion = 10.0.40219.1
Project("{FAE04EC0-301F-11D3-BF4B-00C04F79EFBC}") = "UltimateBaseBall", "UltimateBaseBall\UltimateBaseBall.csproj", "{B92DCE6E-D1D8-492A-8CE0-9F4DB38A97B0}"
EndProject
Global
	GlobalSection(SolutionConfigurationPlatforms) = preSolution
		Debug|Any CPU = Debug|Any CPU
		Release|Any CPU = Release|Any CPU
	EndGlobalSection
	GlobalSection(ProjectConfigurationPlatforms) = postSolution
		{B92DCE6E-D1D8-492A-8CE0-9F4DB38A97B0}.Debug|Any CPU.ActiveCfg = Debug|Any CPU
		{B92DCE6E-D1D8-492A-8CE0-9F4DB38A97B0}.Debug|Any CPU.Build.0 = Debug|Any CPU
		{B92DCE6E-D1D8-492A-8CE0-9F4DB38A97B0}.Release|Any CPU.ActiveCfg = Release|Any CPU
		{B92DCE6E-D1D8-492A-8CE0-9F4DB38A97B0}.Release|Any CPU.Build.0 = Release|Any CPU
	EndGlobalSection
	GlobalSection(SolutionProperties) = preSolution
		HideSolutionNode = FALSE
	EndGlobalSection
	GlobalSection(ExtensibilityGlobals) = postSolution
		SolutionGuid = {C963AC34-AED2-48E0-80AC-183C94A92499}
	EndGlobalSection
EndGlobal
