
Microsoft Visual Studio Solution File, Format Version 12.00
# Visual Studio Version 17
VisualStudioVersion = 17.0.32126.317
MinimumVisualStudioVersion = 10.0.40219.1
Project("{FAE04EC0-301F-11D3-BF4B-00C04F79EFBC}") = "StudentList", "StudentList\StudentList.csproj", "{C8D4BD02-6728-47AD-864E-FED82CC89287}"
EndProject
Global
	GlobalSection(SolutionConfigurationPlatforms) = preSolution
		Debug|Any CPU = Debug|Any CPU
		Release|Any CPU = Release|Any CPU
	EndGlobalSection
	GlobalSection(ProjectConfigurationPlatforms) = postSolution
		{C8D4BD02-6728-47AD-864E-FED82CC89287}.Debug|Any CPU.ActiveCfg = Debug|Any CPU
		{C8D4BD02-6728-47AD-864E-FED82CC89287}.Debug|Any CPU.Build.0 = Debug|Any CPU
		{C8D4BD02-6728-47AD-864E-FED82CC89287}.Release|Any CPU.ActiveCfg = Release|Any CPU
		{C8D4BD02-6728-47AD-864E-FED82CC89287}.Release|Any CPU.Build.0 = Release|Any CPU
	EndGlobalSection
	GlobalSection(SolutionProperties) = preSolution
		HideSolutionNode = FALSE
	EndGlobalSection
	GlobalSection(ExtensibilityGlobals) = postSolution
		SolutionGuid = {E1C7CDC8-ED1B-43FF-9206-EFFA10B2D42A}
	EndGlobalSection
EndGlobal
